
Microsoft Visual Studio Solution File, Format Version 12.00
# Visual Studio Version 17
VisualStudioVersion = 17.0.31903.59
MinimumVisualStudioVersion = 10.0.40219.1
Project("{2150E333-8FDC-42A3-9474-1A3956D46DE8}") = "NzbDrone.Common", "NzbDrone.Common", "{BAC7FA8C-BBB7-09E4-4517-AD320BB8CBD5}"
EndProject
Project("{FAE04EC0-301F-11D3-BF4B-00C04F79EFBC}") = "Leecharr.Common", "NzbDrone.Common\Leecharr.Common.csproj", "{32C92C22-9BF9-4F28-AFD7-8551EFAEB44E}"
EndProject
Project("{2150E333-8FDC-42A3-9474-1A3956D46DE8}") = "NzbDrone.Core", "NzbDrone.Core", "{7138ACE0-6FC4-7420-FE7E-E31B94A0FE99}"
EndProject
Project("{FAE04EC0-301F-11D3-BF4B-00C04F79EFBC}") = "Leecharr.Core", "NzbDrone.Core\Leecharr.Core.csproj", "{FA6F6AE1-88AA-439D-98F0-9711E49CF77E}"
EndProject
Project("{2150E333-8FDC-42A3-9474-1A3956D46DE8}") = "NzbDrone.SignalR", "NzbDrone.SignalR", "{305899D4-6194-20B8-5899-C71DDFFE0527}"
EndProject
Project("{FAE04EC0-301F-11D3-BF4B-00C04F79EFBC}") = "Leecharr.SignalR", "NzbDrone.SignalR\Leecharr.SignalR.csproj", "{CC49E129-B2CF-4A34-A917-32A6C1C8F51F}"
EndProject
Project("{FAE04EC0-301F-11D3-BF4B-00C04F79EFBC}") = "Leecharr.Http", "Leecharr.Http\Leecharr.Http.csproj", "{5B604C15-2B8E-438A-98D9-535B3A0F259B}"
EndProject
Project("{FAE04EC0-301F-11D3-BF4B-00C04F79EFBC}") = "Leecharr.Api.V1", "Leecharr.Api.V1\Leecharr.Api.V1.csproj", "{E9865C2C-FC3C-4431-982B-19112BCBC580}"
EndProject
Project("{2150E333-8FDC-42A3-9474-1A3956D46DE8}") = "NzbDrone.Host", "NzbDrone.Host", "{E99E5879-A8F3-15FF-EE52-18D6E5C6A531}"
EndProject
Project("{FAE04EC0-301F-11D3-BF4B-00C04F79EFBC}") = "Leecharr.Host", "NzbDrone.Host\Leecharr.Host.csproj", "{DB5FA9EF-7E05-448B-8206-D309ADED40A4}"
EndProject
Project("{2150E333-8FDC-42A3-9474-1A3956D46DE8}") = "NzbDrone.Console", "NzbDrone.Console", "{E7C9A7AA-2544-1A95-07FA-A4C89A8D7D9B}"
EndProject
Project("{FAE04EC0-301F-11D3-BF4B-00C04F79EFBC}") = "Leecharr.Console", "NzbDrone.Console\Leecharr.Console.csproj", "{5FF9F170-14A7-4139-838B-5D4911185A43}"
EndProject
Project("{FAE04EC0-301F-11D3-BF4B-00C04F79EFBC}") = "Leecharr.Core.Test", "Leecharr.Core.Test\Leecharr.Core.Test.csproj", "{E71DB6C3-2ED4-4D51-AB3D-0CB031CDC2CC}"
EndProject
Global
	GlobalSection(SolutionConfigurationPlatforms) = preSolution
		Debug|Any CPU = Debug|Any CPU
		Debug|x64 = Debug|x64
		Debug|x86 = Debug|x86
		Release|Any CPU = Release|Any CPU
		Release|x64 = Release|x64
		Release|x86 = Release|x86
	EndGlobalSection
	GlobalSection(ProjectConfigurationPlatforms) = postSolution
		{32C92C22-9BF9-4F28-AFD7-8551EFAEB44E}.Debug|Any CPU.ActiveCfg = Debug|Any CPU
		{32C92C22-9BF9-4F28-AFD7-8551EFAEB44E}.Debug|Any CPU.Build.0 = Debug|Any CPU
		{32C92C22-9BF9-4F28-AFD7-8551EFAEB44E}.Debug|x64.ActiveCfg = Debug|Any CPU
		{32C92C22-9BF9-4F28-AFD7-8551EFAEB44E}.Debug|x64.Build.0 = Debug|Any CPU
		{32C92C22-9BF9-4F28-AFD7-8551EFAEB44E}.Debug|x86.ActiveCfg = Debug|Any CPU
		{32C92C22-9BF9-4F28-AFD7-8551EFAEB44E}.Debug|x86.Build.0 = Debug|Any CPU
		{32C92C22-9BF9-4F28-AFD7-8551EFAEB44E}.Release|Any CPU.ActiveCfg = Release|Any CPU
		{32C92C22-9BF9-4F28-AFD7-8551EFAEB44E}.Release|Any CPU.Build.0 = Release|Any CPU
		{32C92C22-9BF9-4F28-AFD7-8551EFAEB44E}.Release|x64.ActiveCfg = Release|Any CPU
		{32C92C22-9BF9-4F28-AFD7-8551EFAEB44E}.Release|x64.Build.0 = Release|Any CPU
		{32C92C22-9BF9-4F28-AFD7-8551EFAEB44E}.Release|x86.ActiveCfg = Release|Any CPU
		{32C92C22-9BF9-4F28-AFD7-8551EFAEB44E}.Release|x86.Build.0 = Release|Any CPU
		{FA6F6AE1-88AA-439D-98F0-9711E49CF77E}.Debug|Any CPU.ActiveCfg = Debug|Any CPU
		{FA6F6AE1-88AA-439D-98F0-9711E49CF77E}.Debug|Any CPU.Build.0 = Debug|Any CPU
		{FA6F6AE1-88AA-439D-98F0-9711E49CF77E}.Debug|x64.ActiveCfg = Debug|Any CPU
		{FA6F6AE1-88AA-439D-98F0-9711E49CF77E}.Debug|x64.Build.0 = Debug|Any CPU
		{FA6F6AE1-88AA-439D-98F0-9711E49CF77E}.Debug|x86.ActiveCfg = Debug|Any CPU
		{FA6F6AE1-88AA-439D-98F0-9711E49CF77E}.Debug|x86.Build.0 = Debug|Any CPU
		{FA6F6AE1-88AA-439D-98F0-9711E49CF77E}.Release|Any CPU.ActiveCfg = Release|Any CPU
		{FA6F6AE1-88AA-439D-98F0-9711E49CF77E}.Release|Any CPU.Build.0 = Release|Any CPU
		{FA6F6AE1-88AA-439D-98F0-9711E49CF77E}.Release|x64.ActiveCfg = Release|Any CPU
		{FA6F6AE1-88AA-439D-98F0-9711E49CF77E}.Release|x64.Build.0 = Release|Any CPU
		{FA6F6AE1-88AA-439D-98F0-9711E49CF77E}.Release|x86.ActiveCfg = Release|Any CPU
		{FA6F6AE1-88AA-439D-98F0-9711E49CF77E}.Release|x86.Build.0 = Release|Any CPU
		{CC49E129-B2CF-4A34-A917-32A6C1C8F51F}.Debug|Any CPU.ActiveCfg = Debug|Any CPU
		{CC49E129-B2CF-4A34-A917-32A6C1C8F51F}.Debug|Any CPU.Build.0 = Debug|Any CPU
		{CC49E129-B2CF-4A34-A917-32A6C1C8F51F}.Debug|x64.ActiveCfg = Debug|Any CPU
		{CC49E129-B2CF-4A34-A917-32A6C1C8F51F}.Debug|x64.Build.0 = Debug|Any CPU
		{CC49E129-B2CF-4A34-A917-32A6C1C8F51F}.Debug|x86.ActiveCfg = Debug|Any CPU
		{CC49E129-B2CF-4A34-A917-32A6C1C8F51F}.Debug|x86.Build.0 = Debug|Any CPU
		{CC49E129-B2CF-4A34-A917-32A6C1C8F51F}.Release|Any CPU.ActiveCfg = Release|Any CPU
		{CC49E129-B2CF-4A34-A917-32A6C1C8F51F}.Release|Any CPU.Build.0 = Release|Any CPU
		{CC49E129-B2CF-4A34-A917-32A6C1C8F51F}.Release|x64.ActiveCfg = Release|Any CPU
		{CC49E129-B2CF-4A34-A917-32A6C1C8F51F}.Release|x64.Build.0 = Release|Any CPU
		{CC49E129-B2CF-4A34-A917-32A6C1C8F51F}.Release|x86.ActiveCfg = Release|Any CPU
		{CC49E129-B2CF-4A34-A917-32A6C1C8F51F}.Release|x86.Build.0 = Release|Any CPU
		{5B604C15-2B8E-438A-98D9-535B3A0F259B}.Debug|Any CPU.ActiveCfg = Debug|Any CPU
		{5B604C15-2B8E-438A-98D9-535B3A0F259B}.Debug|Any CPU.Build.0 = Debug|Any CPU
		{5B604C15-2B8E-438A-98D9-535B3A0F259B}.Debug|x64.ActiveCfg = Debug|Any CPU
		{5B604C15-2B8E-438A-98D9-535B3A0F259B}.Debug|x64.Build.0 = Debug|Any CPU
		{5B604C15-2B8E-438A-98D9-535B3A0F259B}.Debug|x86.ActiveCfg = Debug|Any CPU
		{5B604C15-2B8E-438A-98D9-535B3A0F259B}.Debug|x86.Build.0 = Debug|Any CPU
		{5B604C15-2B8E-438A-98D9-535B3A0F259B}.Release|Any CPU.ActiveCfg = Release|Any CPU
		{5B604C15-2B8E-438A-98D9-535B3A0F259B}.Release|Any CPU.Build.0 = Release|Any CPU
		{5B604C15-2B8E-438A-98D9-535B3A0F259B}.Release|x64.ActiveCfg = Release|Any CPU
		{5B604C15-2B8E-438A-98D9-535B3A0F259B}.Release|x64.Build.0 = Release|Any CPU
		{5B604C15-2B8E-438A-98D9-535B3A0F259B}.Release|x86.ActiveCfg = Release|Any CPU
		{5B604C15-2B8E-438A-98D9-535B3A0F259B}.Release|x86.Build.0 = Release|Any CPU
		{E9865C2C-FC3C-4431-982B-19112BCBC580}.Debug|Any CPU.ActiveCfg = Debug|Any CPU
		{E9865C2C-FC3C-4431-982B-19112BCBC580}.Debug|Any CPU.Build.0 = Debug|Any CPU
		{E9865C2C-FC3C-4431-982B-19112BCBC580}.Debug|x64.ActiveCfg = Debug|Any CPU
		{E9865C2C-FC3C-4431-982B-19112BCBC580}.Debug|x64.Build.0 = Debug|Any CPU
		{E9865C2C-FC3C-4431-982B-19112BCBC580}.Debug|x86.ActiveCfg = Debug|Any CPU
		{E9865C2C-FC3C-4431-982B-19112BCBC580}.Debug|x86.Build.0 = Debug|Any CPU
		{E9865C2C-FC3C-4431-982B-19112BCBC580}.Release|Any CPU.ActiveCfg = Release|Any CPU
		{E9865C2C-FC3C-4431-982B-19112BCBC580}.Release|Any CPU.Build.0 = Release|Any CPU
		{E9865C2C-FC3C-4431-982B-19112BCBC580}.Release|x64.ActiveCfg = Release|Any CPU
		{E9865C2C-FC3C-4431-982B-19112BCBC580}.Release|x64.Build.0 = Release|Any CPU
		{E9865C2C-FC3C-4431-982B-19112BCBC580}.Release|x86.ActiveCfg = Release|Any CPU
		{E9865C2C-FC3C-4431-982B-19112BCBC580}.Release|x86.Build.0 = Release|Any CPU
		{DB5FA9EF-7E05-448B-8206-D309ADED40A4}.Debug|Any CPU.ActiveCfg = Debug|Any CPU
		{DB5FA9EF-7E05-448B-8206-D309ADED40A4}.Debug|Any CPU.Build.0 = Debug|Any CPU
		{DB5FA9EF-7E05-448B-8206-D309ADED40A4}.Debug|x64.ActiveCfg = Debug|Any CPU
		{DB5FA9EF-7E05-448B-8206-D309ADED40A4}.Debug|x64.Build.0 = Debug|Any CPU
		{DB5FA9EF-7E05-448B-8206-D309ADED40A4}.Debug|x86.ActiveCfg = Debug|Any CPU
		{DB5FA9EF-7E05-448B-8206-D309ADED40A4}.Debug|x86.Build.0 = Debug|Any CPU
		{DB5FA9EF-7E05-448B-8206-D309ADED40A4}.Release|Any CPU.ActiveCfg = Release|Any CPU
		{DB5FA9EF-7E05-448B-8206-D309ADED40A4}.Release|Any CPU.Build.0 = Release|Any CPU
		{DB5FA9EF-7E05-448B-8206-D309ADED40A4}.Release|x64.ActiveCfg = Release|Any CPU
		{DB5FA9EF-7E05-448B-8206-D309ADED40A4}.Release|x64.Build.0 = Release|Any CPU
		{DB5FA9EF-7E05-448B-8206-D309ADED40A4}.Release|x86.ActiveCfg = Release|Any CPU
		{DB5FA9EF-7E05-448B-8206-D309ADED40A4}.Release|x86.Build.0 = Release|Any CPU
		{5FF9F170-14A7-4139-838B-5D4911185A43}.Debug|Any CPU.ActiveCfg = Debug|Any CPU
		{5FF9F170-14A7-4139-838B-5D4911185A43}.Debug|Any CPU.Build.0 = Debug|Any CPU
		{5FF9F170-14A7-4139-838B-5D4911185A43}.Debug|x64.ActiveCfg = Debug|Any CPU
		{5FF9F170-14A7-4139-838B-5D4911185A43}.Debug|x64.Build.0 = Debug|Any CPU
		{5FF9F170-14A7-4139-838B-5D4911185A43}.Debug|x86.ActiveCfg = Debug|Any CPU
		{5FF9F170-14A7-4139-838B-5D4911185A43}.Debug|x86.Build.0 = Debug|Any CPU
		{5FF9F170-14A7-4139-838B-5D4911185A43}.Release|Any CPU.ActiveCfg = Release|Any CPU
		{5FF9F170-14A7-4139-838B-5D4911185A43}.Release|Any CPU.Build.0 = Release|Any CPU
		{5FF9F170-14A7-4139-838B-5D4911185A43}.Release|x64.ActiveCfg = Release|Any CPU
		{5FF9F170-14A7-4139-838B-5D4911185A43}.Release|x64.Build.0 = Release|Any CPU
		{5FF9F170-14A7-4139-838B-5D4911185A43}.Release|x86.ActiveCfg = Release|Any CPU
		{5FF9F170-14A7-4139-838B-5D4911185A43}.Release|x86.Build.0 = Release|Any CPU
		{E71DB6C3-2ED4-4D51-AB3D-0CB031CDC2CC}.Debug|Any CPU.ActiveCfg = Debug|Any CPU
		{E71DB6C3-2ED4-4D51-AB3D-0CB031CDC2CC}.Debug|Any CPU.Build.0 = Debug|Any CPU
		{E71DB6C3-2ED4-4D51-AB3D-0CB031CDC2CC}.Debug|x64.ActiveCfg = Debug|Any CPU
		{E71DB6C3-2ED4-4D51-AB3D-0CB031CDC2CC}.Debug|x64.Build.0 = Debug|Any CPU
		{E71DB6C3-2ED4-4D51-AB3D-0CB031CDC2CC}.Debug|x86.ActiveCfg = Debug|Any CPU
		{E71DB6C3-2ED4-4D51-AB3D-0CB031CDC2CC}.Debug|x86.Build.0 = Debug|Any CPU
		{E71DB6C3-2ED4-4D51-AB3D-0CB031CDC2CC}.Release|Any CPU.ActiveCfg = Release|Any CPU
		{E71DB6C3-2ED4-4D51-AB3D-0CB031CDC2CC}.Release|Any CPU.Build.0 = Release|Any CPU
		{E71DB6C3-2ED4-4D51-AB3D-0CB031CDC2CC}.Release|x64.ActiveCfg = Release|Any CPU
		{E71DB6C3-2ED4-4D51-AB3D-0CB031CDC2CC}.Release|x64.Build.0 = Release|Any CPU
		{E71DB6C3-2ED4-4D51-AB3D-0CB031CDC2CC}.Release|x86.ActiveCfg = Release|Any CPU
		{E71DB6C3-2ED4-4D51-AB3D-0CB031CDC2CC}.Release|x86.Build.0 = Release|Any CPU
	EndGlobalSection
	GlobalSection(SolutionProperties) = preSolution
		HideSolutionNode = FALSE
	EndGlobalSection
	GlobalSection(NestedProjects) = preSolution
		{32C92C22-9BF9-4F28-AFD7-8551EFAEB44E} = {BAC7FA8C-BBB7-09E4-4517-AD320BB8CBD5}
		{FA6F6AE1-88AA-439D-98F0-9711E49CF77E} = {7138ACE0-6FC4-7420-FE7E-E31B94A0FE99}
		{CC49E129-B2CF-4A34-A917-32A6C1C8F51F} = {305899D4-6194-20B8-5899-C71DDFFE0527}
		{DB5FA9EF-7E05-448B-8206-D309ADED40A4} = {E99E5879-A8F3-15FF-EE52-18D6E5C6A531}
		{5FF9F170-14A7-4139-838B-5D4911185A43} = {E7C9A7AA-2544-1A95-07FA-A4C89A8D7D9B}
	EndGlobalSection
EndGlobal
